
Microsoft Visual Studio Solution File, Format Version 12.00
# Visual Studio Version 17
VisualStudioVersion = 17.6.33815.320
MinimumVisualStudioVersion = 10.0.40219.1
Project("{FAE04EC0-301F-11D3-BF4B-00C04F79EFBC}") = "LibVLCSharp.WinForms.Sample", "LibVLCSharp.WinForms.Sample.csproj", "{C5ACCFC4-4025-46A0-8AC5-C8F816E7BFFC}"
EndProject
Global
	GlobalSection(SolutionConfigurationPlatforms) = preSolution
		Debug|Any CPU = Debug|Any CPU
		Release|Any CPU = Release|Any CPU
	EndGlobalSection
	GlobalSection(ProjectConfigurationPlatforms) = postSolution
		{C5ACCFC4-4025-46A0-8AC5-C8F816E7BFFC}.Debug|Any CPU.ActiveCfg = Debug|Any CPU
		{C5ACCFC4-4025-46A0-8AC5-C8F816E7BFFC}.Debug|Any CPU.Build.0 = Debug|Any CPU
		{C5ACCFC4-4025-46A0-8AC5-C8F816E7BFFC}.Release|Any CPU.ActiveCfg = Release|Any CPU
		{C5ACCFC4-4025-46A0-8AC5-C8F816E7BFFC}.Release|Any CPU.Build.0 = Release|Any CPU
	EndGlobalSection
	GlobalSection(SolutionProperties) = preSolution
		HideSolutionNode = FALSE
	EndGlobalSection
	GlobalSection(ExtensibilityGlobals) = postSolution
		SolutionGuid = {166F8E05-BB74-4EEA-B5EC-F21FB4F73507}
	EndGlobalSection
EndGlobal
