
Microsoft Visual Studio Solution File, Format Version 12.00
# Visual Studio Version 17
VisualStudioVersion = 17.2.32630.192
MinimumVisualStudioVersion = 10.0.40219.1
Project("{9A19103F-16F7-4668-BE54-9A1E7A4F7556}") = "ViewerBy2nd.Domain", "ViewerBy2nd.Domain\ViewerBy2nd.Domain.csproj", "{49C08455-AF95-4F6D-A209-FD56A5886F66}"
EndProject
Project("{9A19103F-16F7-4668-BE54-9A1E7A4F7556}") = "ViewerBy2nd.Infrastructure", "ViewerBy2nd.Infrastructure\ViewerBy2nd.Infrastructure.csproj", "{08310E5C-DE9A-4A38-99F0-B1482DE117B8}"
EndProject
Project("{9A19103F-16F7-4668-BE54-9A1E7A4F7556}") = "ViewerBy2nd", "ViewerBy2nd\ViewerBy2nd.csproj", "{6B55E73F-A26C-4925-9CB7-68CD17D58BE3}"
EndProject
Project("{9A19103F-16F7-4668-BE54-9A1E7A4F7556}") = "ViewerBy2nd.WinFormsControlLibrary", "ViewerBy2nd.WinFormsControlLibrary\ViewerBy2nd.WinFormsControlLibrary.csproj", "{525CC6C3-60FC-4A47-A760-3601F1A4C7C0}"
EndProject
Project("{9A19103F-16F7-4668-BE54-9A1E7A4F7556}") = "ViewerBy2nd.Tests", "ViewerBy2nd.Tests\ViewerBy2nd.Tests.csproj", "{587DA622-AE90-431E-A983-79D8A428B42E}"
EndProject
Project("{FAE04EC0-301F-11D3-BF4B-00C04F79EFBC}") = "ViewerBy2nd.Pdfium", "ViewerBy2nd.Pdfium\ViewerBy2nd.Pdfium.csproj", "{5E9C3505-7B65-4DA5-B267-357AC1B2C1F3}"
EndProject
Global
	GlobalSection(SolutionConfigurationPlatforms) = preSolution
		Debug|Any CPU = Debug|Any CPU
		Release|Any CPU = Release|Any CPU
	EndGlobalSection
	GlobalSection(ProjectConfigurationPlatforms) = postSolution
		{49C08455-AF95-4F6D-A209-FD56A5886F66}.Debug|Any CPU.ActiveCfg = Debug|Any CPU
		{49C08455-AF95-4F6D-A209-FD56A5886F66}.Debug|Any CPU.Build.0 = Debug|Any CPU
		{49C08455-AF95-4F6D-A209-FD56A5886F66}.Release|Any CPU.ActiveCfg = Release|Any CPU
		{49C08455-AF95-4F6D-A209-FD56A5886F66}.Release|Any CPU.Build.0 = Release|Any CPU
		{08310E5C-DE9A-4A38-99F0-B1482DE117B8}.Debug|Any CPU.ActiveCfg = Debug|Any CPU
		{08310E5C-DE9A-4A38-99F0-B1482DE117B8}.Debug|Any CPU.Build.0 = Debug|Any CPU
		{08310E5C-DE9A-4A38-99F0-B1482DE117B8}.Release|Any CPU.ActiveCfg = Release|Any CPU
		{08310E5C-DE9A-4A38-99F0-B1482DE117B8}.Release|Any CPU.Build.0 = Release|Any CPU
		{6B55E73F-A26C-4925-9CB7-68CD17D58BE3}.Debug|Any CPU.ActiveCfg = Debug|Any CPU
		{6B55E73F-A26C-4925-9CB7-68CD17D58BE3}.Debug|Any CPU.Build.0 = Debug|Any CPU
		{6B55E73F-A26C-4925-9CB7-68CD17D58BE3}.Release|Any CPU.ActiveCfg = Release|Any CPU
		{6B55E73F-A26C-4925-9CB7-68CD17D58BE3}.Release|Any CPU.Build.0 = Release|Any CPU
		{525CC6C3-60FC-4A47-A760-3601F1A4C7C0}.Debug|Any CPU.ActiveCfg = Debug|Any CPU
		{525CC6C3-60FC-4A47-A760-3601F1A4C7C0}.Debug|Any CPU.Build.0 = Debug|Any CPU
		{525CC6C3-60FC-4A47-A760-3601F1A4C7C0}.Release|Any CPU.ActiveCfg = Release|Any CPU
		{525CC6C3-60FC-4A47-A760-3601F1A4C7C0}.Release|Any CPU.Build.0 = Release|Any CPU
		{587DA622-AE90-431E-A983-79D8A428B42E}.Debug|Any CPU.ActiveCfg = Debug|Any CPU
		{587DA622-AE90-431E-A983-79D8A428B42E}.Debug|Any CPU.Build.0 = Debug|Any CPU
		{587DA622-AE90-431E-A983-79D8A428B42E}.Release|Any CPU.ActiveCfg = Release|Any CPU
		{587DA622-AE90-431E-A983-79D8A428B42E}.Release|Any CPU.Build.0 = Release|Any CPU
		{5E9C3505-7B65-4DA5-B267-357AC1B2C1F3}.Debug|Any CPU.ActiveCfg = Debug|Any CPU
		{5E9C3505-7B65-4DA5-B267-357AC1B2C1F3}.Debug|Any CPU.Build.0 = Debug|Any CPU
		{5E9C3505-7B65-4DA5-B267-357AC1B2C1F3}.Release|Any CPU.ActiveCfg = Release|Any CPU
		{5E9C3505-7B65-4DA5-B267-357AC1B2C1F3}.Release|Any CPU.Build.0 = Release|Any CPU
	EndGlobalSection
	GlobalSection(SolutionProperties) = preSolution
		HideSolutionNode = FALSE
	EndGlobalSection
	GlobalSection(ExtensibilityGlobals) = postSolution
		SolutionGuid = {4B7712DB-30AA-4574-8A40-EDB1B7097512}
	EndGlobalSection
EndGlobal
