
Microsoft Visual Studio Solution File, Format Version 12.00
# Visual Studio Version 16
VisualStudioVersion = 16.0.31321.278
MinimumVisualStudioVersion = 10.0.40219.1
Project("{FAE04EC0-301F-11D3-BF4B-00C04F79EFBC}") = "ImageViewerBy2nd", "ImageViewerBy2nd\ImageViewerBy2nd.csproj", "{28B13FD9-F8D6-4B8A-A5AF-121D72268595}"
EndProject
Global
	GlobalSection(SolutionConfigurationPlatforms) = preSolution
		Debug|Any CPU = Debug|Any CPU
		Release|Any CPU = Release|Any CPU
	EndGlobalSection
	GlobalSection(ProjectConfigurationPlatforms) = postSolution
		{28B13FD9-F8D6-4B8A-A5AF-121D72268595}.Debug|Any CPU.ActiveCfg = Debug|Any CPU
		{28B13FD9-F8D6-4B8A-A5AF-121D72268595}.Debug|Any CPU.Build.0 = Debug|Any CPU
		{28B13FD9-F8D6-4B8A-A5AF-121D72268595}.Release|Any CPU.ActiveCfg = Release|Any CPU
		{28B13FD9-F8D6-4B8A-A5AF-121D72268595}.Release|Any CPU.Build.0 = Release|Any CPU
	EndGlobalSection
	GlobalSection(SolutionProperties) = preSolution
		HideSolutionNode = FALSE
	EndGlobalSection
	GlobalSection(ExtensibilityGlobals) = postSolution
		SolutionGuid = {F3E113FD-D351-4FA7-AB47-9A9CD9A4075B}
	EndGlobalSection
EndGlobal
