<?xml version="1.0" encoding="UTF-8"?>
<CONFIG>
  <ProjectOptions>
    <Version Value="12"/>
    <PathDelim Value="\"/>
    <General>
      <SessionStorage Value="InProjectDir"/>
      <Title Value="viewer"/>
      <Scaled Value="True"/>
      <ResourceType Value="res"/>
      <UseXPManifest Value="True"/>
      <XPManifest>
        <DpiAware Value="True"/>
      </XPManifest>
    </General>
    <BuildModes>
      <Item Name="Default" Default="True"/>
    </BuildModes>
    <PublishOptions>
      <Version Value="2"/>
      <UseFileFilters Value="True"/>
    </PublishOptions>
    <RunParams>
      <FormatVersion Value="2"/>
    </RunParams>
    <RequiredPackages>
      <Item>
        <PackageName Value="lazvlc"/>
      </Item>
      <Item>
        <PackageName Value="LCL"/>
      </Item>
    </RequiredPackages>
    <Units>
      <Unit>
        <Filename Value="Viewer.lpr"/>
        <IsPartOfProject Value="True"/>
      </Unit>
      <Unit>
        <Filename Value="Forms\Main\frmoperation.pas"/>
        <IsPartOfProject Value="True"/>
        <ComponentName Value="OperationForm"/>
        <HasResources Value="True"/>
        <ResourceBaseClass Value="Form"/>
        <UnitName Value="frmOperation"/>
      </Unit>
      <Unit>
        <Filename Value="Forms\Main\frmviewer.pas"/>
        <IsPartOfProject Value="True"/>
        <ComponentName Value="ViewerForm"/>
        <HasResources Value="True"/>
        <ResourceBaseClass Value="Form"/>
        <UnitName Value="frmViewer"/>
      </Unit>
      <Unit>
        <Filename Value="Core\pdfimagecreator.pas"/>
        <IsPartOfProject Value="True"/>
        <UnitName Value="PdfImageCreator"/>
      </Unit>
      <Unit>
        <Filename Value="Models\ViewerModel.pas"/>
        <IsPartOfProject Value="True"/>
      </Unit>
      <Unit>
        <Filename Value="Forms\Dialogs\pageformunit.pas"/>
        <IsPartOfProject Value="True"/>
        <ComponentName Value="PageForm"/>
        <HasResources Value="True"/>
        <ResourceBaseClass Value="Form"/>
        <UnitName Value="PageFormUnit"/>
      </Unit>
      <Unit>
        <Filename Value="Utils\iviewunit.pas"/>
        <IsPartOfProject Value="True"/>
        <UnitName Value="IViewUnit"/>
      </Unit>
      <Unit>
        <Filename Value="Forms\Dialogs\settingformunit.pas"/>
        <IsPartOfProject Value="True"/>
        <ComponentName Value="SettingForm"/>
        <HasResources Value="True"/>
        <ResourceBaseClass Value="Form"/>
        <UnitName Value="SettingFormUnit"/>
      </Unit>
      <Unit>
        <Filename Value="Services\formsizecustomizerunit.pas"/>
        <IsPartOfProject Value="True"/>
        <UnitName Value="FormSizeCustomizerUnit"/>
      </Unit>
      <Unit>
        <Filename Value="Utils\imagecreatorunit.pas"/>
        <IsPartOfProject Value="True"/>
        <UnitName Value="ImageCreatorUnit"/>
      </Unit>
      <Unit>
        <Filename Value="Core\zoomunit.pas"/>
        <IsPartOfProject Value="True"/>
        <UnitName Value="ZoomUnit"/>
      </Unit>
      <Unit>
        <Filename Value="Core\zoomcacheunit.pas"/>
        <IsPartOfProject Value="True"/>
        <UnitName Value="ZoomCacheUnit"/>
      </Unit>
      <Unit>
        <Filename Value="Utils\rotateimagecreatorunit.pas"/>
        <IsPartOfProject Value="True"/>
        <UnitName Value="RotateImageCreatorUnit"/>
      </Unit>
      <Unit>
        <Filename Value="Utils\timagecreatorunit.pas"/>
        <IsPartOfProject Value="True"/>
        <UnitName Value="TImageCreatorUnit"/>
      </Unit>
      <Unit>
        <Filename Value="Models\filesparam.pas"/>
        <IsPartOfProject Value="True"/>
        <UnitName Value="FilesParam"/>
      </Unit>
      <Unit>
        <Filename Value="Core\background.pas"/>
        <IsPartOfProject Value="True"/>
        <UnitName Value="Background"/>
      </Unit>
      <Unit>
        <Filename Value="Models\repogitoryunit.pas"/>
        <IsPartOfProject Value="True"/>
        <UnitName Value="RepogitoryUnit"/>
      </Unit>
      <Unit>
        <Filename Value="Utils\resizebilinearunit.pas"/>
        <IsPartOfProject Value="True"/>
        <UnitName Value="ReSizeBilinearUnit"/>
      </Unit>
      <Unit>
        <Filename Value="Forms\Dialogs\aboutunit.pas"/>
        <IsPartOfProject Value="True"/>
        <ComponentName Value="AboutForm"/>
        <HasResources Value="True"/>
        <ResourceBaseClass Value="Form"/>
        <UnitName Value="AboutUnit"/>
      </Unit>
      <Unit>
        <Filename Value="Services\settingloaderunit.pas"/>
        <IsPartOfProject Value="True"/>
        <UnitName Value="SettingLoaderUnit"/>
      </Unit>
      <Unit>
        <Filename Value="Forms\Dialogs\zoomrateformunit.pas"/>
        <IsPartOfProject Value="True"/>
        <ComponentName Value="ZoomRateForm"/>
        <HasResources Value="True"/>
        <ResourceBaseClass Value="Form"/>
        <UnitName Value="ZoomRateFormUnit"/>
      </Unit>
      <Unit>
        <Filename Value="Controllers\uformcontroller.pas"/>
        <IsPartOfProject Value="True"/>
        <UnitName Value="UFormController"/>
      </Unit>
      <Unit>
        <Filename Value="Utils\viewerby2ndfiletypes.pas"/>
        <IsPartOfProject Value="True"/>
        <UnitName Value="ViewerBy2ndFileTypes"/>
      </Unit>
      <Unit>
        <Filename Value="Services\viewerby2ndplayer.pas"/>
        <IsPartOfProject Value="True"/>
        <UnitName Value="ViewerBy2ndPlayer"/>
      </Unit>
      <Unit>
        <Filename Value="Utils\tmovieimagecreatorunit.pas"/>
        <IsPartOfProject Value="True"/>
        <UnitName Value="TMovieImageCreatorUnit"/>
      </Unit>
      <Unit>
        <Filename Value="Controllers\FormDispatcherUnit.pas"/>
        <IsPartOfProject Value="True"/>
      </Unit>
      <Unit>
        <Filename Value="Forms\Dialogs\messageformunit.pas"/>
        <IsPartOfProject Value="True"/>
        <ComponentName Value="MessageForm"/>
        <HasResources Value="True"/>
        <ResourceBaseClass Value="Form"/>
        <UnitName Value="MessageFormUnit"/>
      </Unit>
      <Unit>
        <Filename Value="Utils\LoggerUnit.pas"/>
        <IsPartOfProject Value="True"/>
      </Unit>
    </Units>
  </ProjectOptions>
  <CompilerOptions>
    <Version Value="11"/>
    <PathDelim Value="\"/>
    <Target>
      <Filename Value="..\viewer"/>
    </Target>
    <SearchPaths>
      <IncludeFiles Value="$(ProjOutDir)"/>
      <OtherUnitFiles Value="Forms\Main;Forms\Dialogs;Models;Services;Utils;Controllers;Core"/>
      <UnitOutputDirectory Value="..\lib\$(TargetCPU)-$(TargetOS)"/>
    </SearchPaths>
    <Linking>
      <Debugging>
        <DebugInfoType Value="dsDwarf3"/>
      </Debugging>
      <Options>
        <Win32>
          <GraphicApplication Value="True"/>
        </Win32>
      </Options>
    </Linking>
  </CompilerOptions>
</CONFIG>
